
Microsoft Visual Studio Solution File, Format Version 12.00
# Visual Studio Express 2012 for Windows Desktop
Project("{FAE04EC0-301F-11D3-BF4B-00C04F79EFBC}") = "3_Fun_with_Joe_Bob", "3_Fun_with_Joe_Bob\3_Fun_with_Joe_Bob.csproj", "{A39E45C1-E95C-48E8-9586-44743E169769}"
EndProject
Global
	GlobalSection(SolutionConfigurationPlatforms) = preSolution
		Debug|Any CPU = Debug|Any CPU
		Release|Any CPU = Release|Any CPU
	EndGlobalSection
	GlobalSection(ProjectConfigurationPlatforms) = postSolution
		{A39E45C1-E95C-48E8-9586-44743E169769}.Debug|Any CPU.ActiveCfg = Debug|Any CPU
		{A39E45C1-E95C-48E8-9586-44743E169769}.Debug|Any CPU.Build.0 = Debug|Any CPU
		{A39E45C1-E95C-48E8-9586-44743E169769}.Release|Any CPU.ActiveCfg = Release|Any CPU
		{A39E45C1-E95C-48E8-9586-44743E169769}.Release|Any CPU.Build.0 = Release|Any CPU
	EndGlobalSection
	GlobalSection(SolutionProperties) = preSolution
		HideSolutionNode = FALSE
	EndGlobalSection
EndGlobal
