
Microsoft Visual Studio Solution File, Format Version 12.00
# Visual Studio Express 2012 for Windows Desktop
Project("{FAE04EC0-301F-11D3-BF4B-00C04F79EFBC}") = "4_Testing_this_tonmoy", "4_Testing_this_tonmoy\4_Testing_this_tonmoy.csproj", "{5BE17FF3-04F4-42F8-8991-C77394B099DC}"
EndProject
Global
	GlobalSection(SolutionConfigurationPlatforms) = preSolution
		Debug|Any CPU = Debug|Any CPU
		Release|Any CPU = Release|Any CPU
	EndGlobalSection
	GlobalSection(ProjectConfigurationPlatforms) = postSolution
		{5BE17FF3-04F4-42F8-8991-C77394B099DC}.Debug|Any CPU.ActiveCfg = Debug|Any CPU
		{5BE17FF3-04F4-42F8-8991-C77394B099DC}.Debug|Any CPU.Build.0 = Debug|Any CPU
		{5BE17FF3-04F4-42F8-8991-C77394B099DC}.Release|Any CPU.ActiveCfg = Release|Any CPU
		{5BE17FF3-04F4-42F8-8991-C77394B099DC}.Release|Any CPU.Build.0 = Release|Any CPU
	EndGlobalSection
	GlobalSection(SolutionProperties) = preSolution
		HideSolutionNode = FALSE
	EndGlobalSection
EndGlobal
